
Microsoft Visual Studio Solution File, Format Version 12.00
# Visual Studio Version 17
VisualStudioVersion = 17.3.32901.215
MinimumVisualStudioVersion = 10.0.40219.1
Project("{FAE04EC0-301F-11D3-BF4B-00C04F79EFBC}") = "Hypertrophack", "Hypertrophack\Hypertrophack.csproj", "{2FF2B835-4D8B-4A33-8811-4F6CDC8F0BA0}"
EndProject
Global
	GlobalSection(SolutionConfigurationPlatforms) = preSolution
		Debug|Any CPU = Debug|Any CPU
		Release|Any CPU = Release|Any CPU
	EndGlobalSection
	GlobalSection(ProjectConfigurationPlatforms) = postSolution
		{2FF2B835-4D8B-4A33-8811-4F6CDC8F0BA0}.Debug|Any CPU.ActiveCfg = Debug|Any CPU
		{2FF2B835-4D8B-4A33-8811-4F6CDC8F0BA0}.Debug|Any CPU.Build.0 = Debug|Any CPU
		{2FF2B835-4D8B-4A33-8811-4F6CDC8F0BA0}.Release|Any CPU.ActiveCfg = Release|Any CPU
		{2FF2B835-4D8B-4A33-8811-4F6CDC8F0BA0}.Release|Any CPU.Build.0 = Release|Any CPU
	EndGlobalSection
	GlobalSection(SolutionProperties) = preSolution
		HideSolutionNode = FALSE
	EndGlobalSection
	GlobalSection(ExtensibilityGlobals) = postSolution
		SolutionGuid = {91FEFB92-FF4A-47D4-80B2-C57ED50527A4}
	EndGlobalSection
EndGlobal
